// !$*UTF8*$!
{
	archiveVersion = 1;
	classes = {
	};
	objectVersion = 50;
	objects = {

/* Begin PBXBuildFile section */
		70013952253AAB0A00595C03 /* AppDelegate.swift in Sources */ = {isa = PBXBuildFile; fileRef = 70013951253AAB0A00595C03 /* AppDelegate.swift */; };
		70013954253AAB0A00595C03 /* SceneDelegate.swift in Sources */ = {isa = PBXBuildFile; fileRef = 70013953253AAB0A00595C03 /* SceneDelegate.swift */; };
		70013959253AAB0A00595C03 /* Main.storyboard in Resources */ = {isa = PBXBuildFile; fileRef = 70013957253AAB0A00595C03 /* Main.storyboard */; };
		7001395B253AAB0F00595C03 /* Assets.xcassets in Resources */ = {isa = PBXBuildFile; fileRef = 7001395A253AAB0F00595C03 /* Assets.xcassets */; };
		7001395E253AAB0F00595C03 /* LaunchScreen.storyboard in Resources */ = {isa = PBXBuildFile; fileRef = 7001395C253AAB0F00595C03 /* LaunchScreen.storyboard */; };
		70013966253AAB6D00595C03 /* SearchViewController.swift in Sources */ = {isa = PBXBuildFile; fileRef = 70013965253AAB6D00595C03 /* SearchViewController.swift */; };
		70013969253AB50A00595C03 /* SearchTableViewCell.swift in Sources */ = {isa = PBXBuildFile; fileRef = 70013968253AB50A00595C03 /* SearchTableViewCell.swift */; };
		7001396B253AB6E800595C03 /* SearchAppIconInfoView.swift in Sources */ = {isa = PBXBuildFile; fileRef = 7001396A253AB6E800595C03 /* SearchAppIconInfoView.swift */; };
		70013972253AF0F600595C03 /* AppStoreModel.swift in Sources */ = {isa = PBXBuildFile; fileRef = 70013971253AF0F600595C03 /* AppStoreModel.swift */; };
		700BDC512564F9D100EF5B3B /* InfoTitleValueView.swift in Sources */ = {isa = PBXBuildFile; fileRef = 700BDC502564F9D100EF5B3B /* InfoTitleValueView.swift */; };
		7027C201255C3C5B006A329B /* NaviTitleView.swift in Sources */ = {isa = PBXBuildFile; fileRef = 7027C200255C3C5B006A329B /* NaviTitleView.swift */; };
		7027C203255C4E32006A329B /* HorizonSeperatorView.swift in Sources */ = {isa = PBXBuildFile; fileRef = 7027C202255C4E32006A329B /* HorizonSeperatorView.swift */; };
		7029A906256E867C00FB0912 /* UserDefault+Extension.swift in Sources */ = {isa = PBXBuildFile; fileRef = 7029A905256E867C00FB0912 /* UserDefault+Extension.swift */; };
		7029A909256E8A3A00FB0912 /* UserDefaultManager.swift in Sources */ = {isa = PBXBuildFile; fileRef = 7029A908256E8A3A00FB0912 /* UserDefaultManager.swift */; };
		702CF828254FF4D1006D7B00 /* BasicRatingStarView.swift in Sources */ = {isa = PBXBuildFile; fileRef = 702CF827254FF4D1006D7B00 /* BasicRatingStarView.swift */; };
		70405770255F01D50022A8DA /* BasicAppIconImageView.swift in Sources */ = {isa = PBXBuildFile; fileRef = 7040576F255F01D40022A8DA /* BasicAppIconImageView.swift */; };
		7049A4F625598CB600C7D604 /* UICollectionViewCell+Extension.swift in Sources */ = {isa = PBXBuildFile; fileRef = 7049A4F525598CB600C7D604 /* UICollectionViewCell+Extension.swift */; };
		7049A509255AF26A00C7D604 /* RequestManager.swift in Sources */ = {isa = PBXBuildFile; fileRef = 7049A508255AF26A00C7D604 /* RequestManager.swift */; };
		7053595E2567FE7A00765CA6 /* BasicComponentLabel.swift in Sources */ = {isa = PBXBuildFile; fileRef = 7053595D2567FE7A00765CA6 /* BasicComponentLabel.swift */; };
		705BD24225629365008F7050 /* MakeFilteredStringArrayManager.swift in Sources */ = {isa = PBXBuildFile; fileRef = 705BD24125629365008F7050 /* MakeFilteredStringArrayManager.swift */; };
		706CA917253AF8EE00E22783 /* DetailViewController.swift in Sources */ = {isa = PBXBuildFile; fileRef = 706CA916253AF8EE00E22783 /* DetailViewController.swift */; };
		706CA91A253B13E300E22783 /* AppIconInfoView.swift in Sources */ = {isa = PBXBuildFile; fileRef = 706CA919253B13E300E22783 /* AppIconInfoView.swift */; };
		706CA91C253B1FED00E22783 /* ShortVarietyInfoView.swift in Sources */ = {isa = PBXBuildFile; fileRef = 706CA91B253B1FED00E22783 /* ShortVarietyInfoView.swift */; };
		706E5C1B2542E05900581BA3 /* Int+Extension.swift in Sources */ = {isa = PBXBuildFile; fileRef = 706E5C1A2542E05900581BA3 /* Int+Extension.swift */; };
		707D3EAE2566683200C14269 /* ImageCacheManager.swift in Sources */ = {isa = PBXBuildFile; fileRef = 707D3EAD2566683200C14269 /* ImageCacheManager.swift */; };
		707D3EB22567B2FC00C14269 /* LogManager.swift in Sources */ = {isa = PBXBuildFile; fileRef = 707D3EB12567B2FC00C14269 /* LogManager.swift */; };
		70B4BD8A256D5D6D00BDEA8F /* ShortInformationItems.swift in Sources */ = {isa = PBXBuildFile; fileRef = 70B4BD89256D5D6D00BDEA8F /* ShortInformationItems.swift */; };
		70B4BD90256D8D7D00BDEA8F /* InformationItems.swift in Sources */ = {isa = PBXBuildFile; fileRef = 70B4BD8F256D8D7D00BDEA8F /* InformationItems.swift */; };
		70B4BD95256D929400BDEA8F /* InfoTitleCategoryView.swift in Sources */ = {isa = PBXBuildFile; fileRef = 70B4BD94256D929300BDEA8F /* InfoTitleCategoryView.swift */; };
		70C6405F25403BAD00D06B6A /* Double+Extension.swift in Sources */ = {isa = PBXBuildFile; fileRef = 70C6405E25403BAD00D06B6A /* Double+Extension.swift */; };
		70C6406125404DC500D06B6A /* UIImageView+Extension.swift in Sources */ = {isa = PBXBuildFile; fileRef = 70C6406025404DC500D06B6A /* UIImageView+Extension.swift */; };
		70C6406325406B3E00D06B6A /* UILabel+Extension.swift in Sources */ = {isa = PBXBuildFile; fileRef = 70C6406225406B3E00D06B6A /* UILabel+Extension.swift */; };
		70CEE6FB253DA94400569C10 /* ScreenShotsCollectionView.swift in Sources */ = {isa = PBXBuildFile; fileRef = 70CEE6FA253DA94400569C10 /* ScreenShotsCollectionView.swift */; };
		70CEE6FD253DA98000569C10 /* ScreenShotsCollectionViewCell.swift in Sources */ = {isa = PBXBuildFile; fileRef = 70CEE6FC253DA98000569C10 /* ScreenShotsCollectionViewCell.swift */; };
		70CEE701253EA23500569C10 /* UIStackView+Extension.swift in Sources */ = {isa = PBXBuildFile; fileRef = 70CEE700253EA23500569C10 /* UIStackView+Extension.swift */; };
		70CEE703253EA3E600569C10 /* UIButton+Extension.swift in Sources */ = {isa = PBXBuildFile; fileRef = 70CEE702253EA3E600569C10 /* UIButton+Extension.swift */; };
		70CEE705253EA55300569C10 /* Date+Extension.swift in Sources */ = {isa = PBXBuildFile; fileRef = 70CEE704253EA55300569C10 /* Date+Extension.swift */; };
		70CEE707253EA64B00569C10 /* String+Extension.swift in Sources */ = {isa = PBXBuildFile; fileRef = 70CEE706253EA64B00569C10 /* String+Extension.swift */; };
		70CEE709253EA7C400569C10 /* UIApplication+Extension.swift in Sources */ = {isa = PBXBuildFile; fileRef = 70CEE708253EA7C400569C10 /* UIApplication+Extension.swift */; };
		70CEE70B253EAA7200569C10 /* UIViewController+Extension.swift in Sources */ = {isa = PBXBuildFile; fileRef = 70CEE70A253EAA7200569C10 /* UIViewController+Extension.swift */; };
		70CEE710253EBD0A00569C10 /* ViewProtocol.swift in Sources */ = {isa = PBXBuildFile; fileRef = 70CEE70F253EBD0A00569C10 /* ViewProtocol.swift */; };
		70CEE713253EBF6D00569C10 /* BaseViewController.swift in Sources */ = {isa = PBXBuildFile; fileRef = 70CEE712253EBF6D00569C10 /* BaseViewController.swift */; };
		70CEE715253ECB9700569C10 /* UIView+Extension.swift in Sources */ = {isa = PBXBuildFile; fileRef = 70CEE714253ECB9700569C10 /* UIView+Extension.swift */; };
		70CEE71A253F1FDF00569C10 /* ModuleView.swift in Sources */ = {isa = PBXBuildFile; fileRef = 70CEE719253F1FDF00569C10 /* ModuleView.swift */; };
		70DD5C802546F62F00738B8C /* BaseCollectionViewCell.swift in Sources */ = {isa = PBXBuildFile; fileRef = 70DD5C7F2546F62F00738B8C /* BaseCollectionViewCell.swift */; };
		70DD5C822546F97B00738B8C /* BaseTableViewCell.swift in Sources */ = {isa = PBXBuildFile; fileRef = 70DD5C812546F97B00738B8C /* BaseTableViewCell.swift */; };
		70DDC24E256E3A6C008EA203 /* RatingStarBarView.swift in Sources */ = {isa = PBXBuildFile; fileRef = 70DDC24D256E3A6C008EA203 /* RatingStarBarView.swift */; };
		70E7C0CB255D0D410009E776 /* WhatsNewView.swift in Sources */ = {isa = PBXBuildFile; fileRef = 70E7C0CA255D0D410009E776 /* WhatsNewView.swift */; };
		70E7C0D8255D12B10009E776 /* InformationView.swift in Sources */ = {isa = PBXBuildFile; fileRef = 70E7C0D7255D12B10009E776 /* InformationView.swift */; };
		70E7C11B255D29590009E776 /* VerticalSeperatorView.swift in Sources */ = {isa = PBXBuildFile; fileRef = 70E7C11A255D29590009E776 /* VerticalSeperatorView.swift */; };
		70EAFA9C254C0EE500C6BAED /* AppRatingReviewView.swift in Sources */ = {isa = PBXBuildFile; fileRef = 70EAFA9B254C0EE500C6BAED /* AppRatingReviewView.swift */; };
		70EDC26B2549A7AE00A3A0E9 /* AppDescriptionView.swift in Sources */ = {isa = PBXBuildFile; fileRef = 70EDC26A2549A7AE00A3A0E9 /* AppDescriptionView.swift */; };
		70FB8CE025516B67000459E4 /* UITableViewCell+Extension.swift in Sources */ = {isa = PBXBuildFile; fileRef = 70FB8CDF25516B67000459E4 /* UITableViewCell+Extension.swift */; };
		70FB8D0E2551CE3E000459E4 /* AppStoreViewModel.swift in Sources */ = {isa = PBXBuildFile; fileRef = 70FB8D0D2551CE3E000459E4 /* AppStoreViewModel.swift */; };
		70FB8D1A2552D1AF000459E4 /* BasicButton.swift in Sources */ = {isa = PBXBuildFile; fileRef = 70FB8D192552D1AF000459E4 /* BasicButton.swift */; };
/* End PBXBuildFile section */

/* Begin PBXFileReference section */
		7001394E253AAB0A00595C03 /* myAppStore.app */ = {isa = PBXFileReference; explicitFileType = wrapper.application; includeInIndex = 0; path = myAppStore.app; sourceTree = BUILT_PRODUCTS_DIR; };
		70013951253AAB0A00595C03 /* AppDelegate.swift */ = {isa = PBXFileReference; lastKnownFileType = sourcecode.swift; path = AppDelegate.swift; sourceTree = "<group>"; };
		70013953253AAB0A00595C03 /* SceneDelegate.swift */ = {isa = PBXFileReference; lastKnownFileType = sourcecode.swift; path = SceneDelegate.swift; sourceTree = "<group>"; };
		70013958253AAB0A00595C03 /* Base */ = {isa = PBXFileReference; lastKnownFileType = file.storyboard; name = Base; path = Base.lproj/Main.storyboard; sourceTree = "<group>"; };
		7001395A253AAB0F00595C03 /* Assets.xcassets */ = {isa = PBXFileReference; lastKnownFileType = folder.assetcatalog; path = Assets.xcassets; sourceTree = "<group>"; };
		7001395D253AAB0F00595C03 /* Base */ = {isa = PBXFileReference; lastKnownFileType = file.storyboard; name = Base; path = Base.lproj/LaunchScreen.storyboard; sourceTree = "<group>"; };
		7001395F253AAB0F00595C03 /* Info.plist */ = {isa = PBXFileReference; lastKnownFileType = text.plist.xml; path = Info.plist; sourceTree = "<group>"; };
		70013965253AAB6D00595C03 /* SearchViewController.swift */ = {isa = PBXFileReference; lastKnownFileType = sourcecode.swift; path = SearchViewController.swift; sourceTree = "<group>"; };
		70013968253AB50A00595C03 /* SearchTableViewCell.swift */ = {isa = PBXFileReference; lastKnownFileType = sourcecode.swift; path = SearchTableViewCell.swift; sourceTree = "<group>"; };
		7001396A253AB6E800595C03 /* SearchAppIconInfoView.swift */ = {isa = PBXFileReference; lastKnownFileType = sourcecode.swift; path = SearchAppIconInfoView.swift; sourceTree = "<group>"; };
		70013971253AF0F600595C03 /* AppStoreModel.swift */ = {isa = PBXFileReference; lastKnownFileType = sourcecode.swift; path = AppStoreModel.swift; sourceTree = "<group>"; };
		700BDC502564F9D100EF5B3B /* InfoTitleValueView.swift */ = {isa = PBXFileReference; lastKnownFileType = sourcecode.swift; path = InfoTitleValueView.swift; sourceTree = "<group>"; };
		7027C200255C3C5B006A329B /* NaviTitleView.swift */ = {isa = PBXFileReference; lastKnownFileType = sourcecode.swift; path = NaviTitleView.swift; sourceTree = "<group>"; };
		7027C202255C4E32006A329B /* HorizonSeperatorView.swift */ = {isa = PBXFileReference; lastKnownFileType = sourcecode.swift; path = HorizonSeperatorView.swift; sourceTree = "<group>"; };
		7029A905256E867C00FB0912 /* UserDefault+Extension.swift */ = {isa = PBXFileReference; lastKnownFileType = sourcecode.swift; path = "UserDefault+Extension.swift"; sourceTree = "<group>"; };
		7029A908256E8A3A00FB0912 /* UserDefaultManager.swift */ = {isa = PBXFileReference; lastKnownFileType = sourcecode.swift; path = UserDefaultManager.swift; sourceTree = "<group>"; };
		702CF827254FF4D1006D7B00 /* BasicRatingStarView.swift */ = {isa = PBXFileReference; lastKnownFileType = sourcecode.swift; path = BasicRatingStarView.swift; sourceTree = "<group>"; };
		7040576F255F01D40022A8DA /* BasicAppIconImageView.swift */ = {isa = PBXFileReference; lastKnownFileType = sourcecode.swift; path = BasicAppIconImageView.swift; sourceTree = "<group>"; };
		7049A4F525598CB600C7D604 /* UICollectionViewCell+Extension.swift */ = {isa = PBXFileReference; lastKnownFileType = sourcecode.swift; path = "UICollectionViewCell+Extension.swift"; sourceTree = "<group>"; };
		7049A508255AF26A00C7D604 /* RequestManager.swift */ = {isa = PBXFileReference; lastKnownFileType = sourcecode.swift; path = RequestManager.swift; sourceTree = "<group>"; };
		7053595D2567FE7A00765CA6 /* BasicComponentLabel.swift */ = {isa = PBXFileReference; lastKnownFileType = sourcecode.swift; path = BasicComponentLabel.swift; sourceTree = "<group>"; };
		705BD24125629365008F7050 /* MakeFilteredStringArrayManager.swift */ = {isa = PBXFileReference; lastKnownFileType = sourcecode.swift; path = MakeFilteredStringArrayManager.swift; sourceTree = "<group>"; };
		706CA916253AF8EE00E22783 /* DetailViewController.swift */ = {isa = PBXFileReference; lastKnownFileType = sourcecode.swift; path = DetailViewController.swift; sourceTree = "<group>"; };
		706CA919253B13E300E22783 /* AppIconInfoView.swift */ = {isa = PBXFileReference; lastKnownFileType = sourcecode.swift; path = AppIconInfoView.swift; sourceTree = "<group>"; };
		706CA91B253B1FED00E22783 /* ShortVarietyInfoView.swift */ = {isa = PBXFileReference; lastKnownFileType = sourcecode.swift; path = ShortVarietyInfoView.swift; sourceTree = "<group>"; };
		706E5C1A2542E05900581BA3 /* Int+Extension.swift */ = {isa = PBXFileReference; lastKnownFileType = sourcecode.swift; path = "Int+Extension.swift"; sourceTree = "<group>"; };
		707D3EAD2566683200C14269 /* ImageCacheManager.swift */ = {isa = PBXFileReference; lastKnownFileType = sourcecode.swift; path = ImageCacheManager.swift; sourceTree = "<group>"; };
		707D3EB12567B2FC00C14269 /* LogManager.swift */ = {isa = PBXFileReference; lastKnownFileType = sourcecode.swift; path = LogManager.swift; sourceTree = "<group>"; };
		70B4BD89256D5D6D00BDEA8F /* ShortInformationItems.swift */ = {isa = PBXFileReference; lastKnownFileType = sourcecode.swift; path = ShortInformationItems.swift; sourceTree = "<group>"; };
		70B4BD8F256D8D7D00BDEA8F /* InformationItems.swift */ = {isa = PBXFileReference; lastKnownFileType = sourcecode.swift; path = InformationItems.swift; sourceTree = "<group>"; };
		70B4BD94256D929300BDEA8F /* InfoTitleCategoryView.swift */ = {isa = PBXFileReference; lastKnownFileType = sourcecode.swift; path = InfoTitleCategoryView.swift; sourceTree = "<group>"; };
		70C6405E25403BAD00D06B6A /* Double+Extension.swift */ = {isa = PBXFileReference; lastKnownFileType = sourcecode.swift; path = "Double+Extension.swift"; sourceTree = "<group>"; };
		70C6406025404DC500D06B6A /* UIImageView+Extension.swift */ = {isa = PBXFileReference; lastKnownFileType = sourcecode.swift; path = "UIImageView+Extension.swift"; sourceTree = "<group>"; };
		70C6406225406B3E00D06B6A /* UILabel+Extension.swift */ = {isa = PBXFileReference; lastKnownFileType = sourcecode.swift; path = "UILabel+Extension.swift"; sourceTree = "<group>"; };
		70CEE6FA253DA94400569C10 /* ScreenShotsCollectionView.swift */ = {isa = PBXFileReference; lastKnownFileType = sourcecode.swift; path = ScreenShotsCollectionView.swift; sourceTree = "<group>"; };
		70CEE6FC253DA98000569C10 /* ScreenShotsCollectionViewCell.swift */ = {isa = PBXFileReference; lastKnownFileType = sourcecode.swift; path = ScreenShotsCollectionViewCell.swift; sourceTree = "<group>"; };
		70CEE700253EA23500569C10 /* UIStackView+Extension.swift */ = {isa = PBXFileReference; lastKnownFileType = sourcecode.swift; path = "UIStackView+Extension.swift"; sourceTree = "<group>"; };
		70CEE702253EA3E600569C10 /* UIButton+Extension.swift */ = {isa = PBXFileReference; lastKnownFileType = sourcecode.swift; path = "UIButton+Extension.swift"; sourceTree = "<group>"; };
		70CEE704253EA55300569C10 /* Date+Extension.swift */ = {isa = PBXFileReference; lastKnownFileType = sourcecode.swift; path = "Date+Extension.swift"; sourceTree = "<group>"; };
		70CEE706253EA64B00569C10 /* String+Extension.swift */ = {isa = PBXFileReference; lastKnownFileType = sourcecode.swift; path = "String+Extension.swift"; sourceTree = "<group>"; };
		70CEE708253EA7C400569C10 /* UIApplication+Extension.swift */ = {isa = PBXFileReference; lastKnownFileType = sourcecode.swift; path = "UIApplication+Extension.swift"; sourceTree = "<group>"; };
		70CEE70A253EAA7200569C10 /* UIViewController+Extension.swift */ = {isa = PBXFileReference; lastKnownFileType = sourcecode.swift; path = "UIViewController+Extension.swift"; sourceTree = "<group>"; };
		70CEE70F253EBD0A00569C10 /* ViewProtocol.swift */ = {isa = PBXFileReference; lastKnownFileType = sourcecode.swift; path = ViewProtocol.swift; sourceTree = "<group>"; };
		70CEE712253EBF6D00569C10 /* BaseViewController.swift */ = {isa = PBXFileReference; lastKnownFileType = sourcecode.swift; path = BaseViewController.swift; sourceTree = "<group>"; };
		70CEE714253ECB9700569C10 /* UIView+Extension.swift */ = {isa = PBXFileReference; lastKnownFileType = sourcecode.swift; path = "UIView+Extension.swift"; sourceTree = "<group>"; };
		70CEE719253F1FDF00569C10 /* ModuleView.swift */ = {isa = PBXFileReference; lastKnownFileType = sourcecode.swift; path = ModuleView.swift; sourceTree = "<group>"; };
		70DD5C7F2546F62F00738B8C /* BaseCollectionViewCell.swift */ = {isa = PBXFileReference; lastKnownFileType = sourcecode.swift; path = BaseCollectionViewCell.swift; sourceTree = "<group>"; };
		70DD5C812546F97B00738B8C /* BaseTableViewCell.swift */ = {isa = PBXFileReference; lastKnownFileType = sourcecode.swift; path = BaseTableViewCell.swift; sourceTree = "<group>"; };
		70DDC24D256E3A6C008EA203 /* RatingStarBarView.swift */ = {isa = PBXFileReference; lastKnownFileType = sourcecode.swift; path = RatingStarBarView.swift; sourceTree = "<group>"; };
		70E7C0CA255D0D410009E776 /* WhatsNewView.swift */ = {isa = PBXFileReference; lastKnownFileType = sourcecode.swift; path = WhatsNewView.swift; sourceTree = "<group>"; };
		70E7C0D7255D12B10009E776 /* InformationView.swift */ = {isa = PBXFileReference; lastKnownFileType = sourcecode.swift; path = InformationView.swift; sourceTree = "<group>"; };
		70E7C11A255D29590009E776 /* VerticalSeperatorView.swift */ = {isa = PBXFileReference; lastKnownFileType = sourcecode.swift; path = VerticalSeperatorView.swift; sourceTree = "<group>"; };
		70EAFA9B254C0EE500C6BAED /* AppRatingReviewView.swift */ = {isa = PBXFileReference; lastKnownFileType = sourcecode.swift; path = AppRatingReviewView.swift; sourceTree = "<group>"; };
		70EDC26A2549A7AE00A3A0E9 /* AppDescriptionView.swift */ = {isa = PBXFileReference; lastKnownFileType = sourcecode.swift; path = AppDescriptionView.swift; sourceTree = "<group>"; };
		70FB8CDF25516B67000459E4 /* UITableViewCell+Extension.swift */ = {isa = PBXFileReference; lastKnownFileType = sourcecode.swift; path = "UITableViewCell+Extension.swift"; sourceTree = "<group>"; };
		70FB8D0D2551CE3E000459E4 /* AppStoreViewModel.swift */ = {isa = PBXFileReference; lastKnownFileType = sourcecode.swift; path = AppStoreViewModel.swift; sourceTree = "<group>"; };
		70FB8D192552D1AF000459E4 /* BasicButton.swift */ = {isa = PBXFileReference; lastKnownFileType = sourcecode.swift; path = BasicButton.swift; sourceTree = "<group>"; };
/* End PBXFileReference section */

/* Begin PBXFrameworksBuildPhase section */
		7001394B253AAB0A00595C03 /* Frameworks */ = {
			isa = PBXFrameworksBuildPhase;
			buildActionMask = 2147483647;
			files = (
			);
			runOnlyForDeploymentPostprocessing = 0;
		};
/* End PBXFrameworksBuildPhase section */

/* Begin PBXGroup section */
		70013945253AAB0A00595C03 = {
			isa = PBXGroup;
			children = (
				70013950253AAB0A00595C03 /* myAppStore */,
				7001394F253AAB0A00595C03 /* Products */,
			);
			sourceTree = "<group>";
		};
		7001394F253AAB0A00595C03 /* Products */ = {
			isa = PBXGroup;
			children = (
				7001394E253AAB0A00595C03 /* myAppStore.app */,
			);
			name = Products;
			sourceTree = "<group>";
		};
		70013950253AAB0A00595C03 /* myAppStore */ = {
			isa = PBXGroup;
			children = (
				70013951253AAB0A00595C03 /* AppDelegate.swift */,
				70013953253AAB0A00595C03 /* SceneDelegate.swift */,
				70013957253AAB0A00595C03 /* Main.storyboard */,
				7029A901256E694E00FB0912 /* Resources */,
				70CEE6FE253EA20E00569C10 /* Modules */,
				70013973253AF0FD00595C03 /* Model */,
				70FB8D0C2551CE1F000459E4 /* ViewModel */,
				70CEE711253EBF5B00569C10 /* Views */,
				7001395F253AAB0F00595C03 /* Info.plist */,
			);
			path = myAppStore;
			sourceTree = "<group>";
		};
		70013967253AAB7600595C03 /* Asset */ = {
			isa = PBXGroup;
			children = (
				7001395A253AAB0F00595C03 /* Assets.xcassets */,
				7001395C253AAB0F00595C03 /* LaunchScreen.storyboard */,
			);
			path = Asset;
			sourceTree = "<group>";
		};
		70013970253AE5D600595C03 /* SearchPageCodeBased */ = {
			isa = PBXGroup;
			children = (
				70013965253AAB6D00595C03 /* SearchViewController.swift */,
				70013968253AB50A00595C03 /* SearchTableViewCell.swift */,
				7001396A253AB6E800595C03 /* SearchAppIconInfoView.swift */,
			);
			path = SearchPageCodeBased;
			sourceTree = "<group>";
		};
		70013973253AF0FD00595C03 /* Model */ = {
			isa = PBXGroup;
			children = (
				70013971253AF0F600595C03 /* AppStoreModel.swift */,
				70B4BD89256D5D6D00BDEA8F /* ShortInformationItems.swift */,
				70B4BD8F256D8D7D00BDEA8F /* InformationItems.swift */,
			);
			path = Model;
			sourceTree = "<group>";
		};
		701355DC2559444B00AD21CA /* BaseViewComponent */ = {
			isa = PBXGroup;
			children = (
				70CEE712253EBF6D00569C10 /* BaseViewController.swift */,
				70CEE719253F1FDF00569C10 /* ModuleView.swift */,
				70DD5C812546F97B00738B8C /* BaseTableViewCell.swift */,
				70DD5C7F2546F62F00738B8C /* BaseCollectionViewCell.swift */,
			);
			path = BaseViewComponent;
			sourceTree = "<group>";
		};
		7029A8EF256E439300FB0912 /* ScreenShotsCollectionViewCell */ = {
			isa = PBXGroup;
			children = (
				70CEE6FC253DA98000569C10 /* ScreenShotsCollectionViewCell.swift */,
			);
			path = ScreenShotsCollectionViewCell;
			sourceTree = "<group>";
		};
		7029A8F1256E440200FB0912 /* InformationViewSubview */ = {
			isa = PBXGroup;
			children = (
				700BDC502564F9D100EF5B3B /* InfoTitleValueView.swift */,
			);
			name = InformationViewSubview;
			sourceTree = "<group>";
		};
		7029A8F2256E442000FB0912 /* RatingReviewViewSubview */ = {
			isa = PBXGroup;
			children = (
				70DDC24D256E3A6C008EA203 /* RatingStarBarView.swift */,
			);
			path = RatingReviewViewSubview;
			sourceTree = "<group>";
		};
		7029A901256E694E00FB0912 /* Resources */ = {
			isa = PBXGroup;
			children = (
				70013967253AAB7600595C03 /* Asset */,
			);
			path = Resources;
			sourceTree = "<group>";
		};
		7049A507255AF25500C7D604 /* Services */ = {
			isa = PBXGroup;
			children = (
				7049A508255AF26A00C7D604 /* RequestManager.swift */,
				707D3EAD2566683200C14269 /* ImageCacheManager.swift */,
				707D3EB12567B2FC00C14269 /* LogManager.swift */,
				705BD24125629365008F7050 /* MakeFilteredStringArrayManager.swift */,
				7029A908256E8A3A00FB0912 /* UserDefaultManager.swift */,
			);
			path = Services;
			sourceTree = "<group>";
		};
		706CA918253AF8F700E22783 /* DetailPageCodeBased */ = {
			isa = PBXGroup;
			children = (
				706CA916253AF8EE00E22783 /* DetailViewController.swift */,
				7027C200255C3C5B006A329B /* NaviTitleView.swift */,
				70B4BD94256D929300BDEA8F /* InfoTitleCategoryView.swift */,
				706CA919253B13E300E22783 /* AppIconInfoView.swift */,
				706CA91B253B1FED00E22783 /* ShortVarietyInfoView.swift */,
				70E7C0CA255D0D410009E776 /* WhatsNewView.swift */,
				70CEE6FA253DA94400569C10 /* ScreenShotsCollectionView.swift */,
				7029A8EF256E439300FB0912 /* ScreenShotsCollectionViewCell */,
				70EDC26A2549A7AE00A3A0E9 /* AppDescriptionView.swift */,
				70EAFA9B254C0EE500C6BAED /* AppRatingReviewView.swift */,
				7029A8F2256E442000FB0912 /* RatingReviewViewSubview */,
				70E7C0D7255D12B10009E776 /* InformationView.swift */,
				7029A8F1256E440200FB0912 /* InformationViewSubview */,
			);
			path = DetailPageCodeBased;
			sourceTree = "<group>";
		};
		70CEE6FE253EA20E00569C10 /* Modules */ = {
			isa = PBXGroup;
			children = (
				7049A507255AF25500C7D604 /* Services */,
				70CEE716253EE7D500569C10 /* Protocols */,
				70CEE70C253EADEF00569C10 /* UIComponent */,
				70CEE6FF253EA21E00569C10 /* Extensions */,
			);
			path = Modules;
			sourceTree = "<group>";
		};
		70CEE6FF253EA21E00569C10 /* Extensions */ = {
			isa = PBXGroup;
			children = (
				70CEE700253EA23500569C10 /* UIStackView+Extension.swift */,
				70CEE702253EA3E600569C10 /* UIButton+Extension.swift */,
				70CEE704253EA55300569C10 /* Date+Extension.swift */,
				70CEE706253EA64B00569C10 /* String+Extension.swift */,
				70CEE708253EA7C400569C10 /* UIApplication+Extension.swift */,
				70CEE70A253EAA7200569C10 /* UIViewController+Extension.swift */,
				70CEE714253ECB9700569C10 /* UIView+Extension.swift */,
				70C6405E25403BAD00D06B6A /* Double+Extension.swift */,
				70C6406025404DC500D06B6A /* UIImageView+Extension.swift */,
				70C6406225406B3E00D06B6A /* UILabel+Extension.swift */,
				706E5C1A2542E05900581BA3 /* Int+Extension.swift */,
				70FB8CDF25516B67000459E4 /* UITableViewCell+Extension.swift */,
				7049A4F525598CB600C7D604 /* UICollectionViewCell+Extension.swift */,
				7029A905256E867C00FB0912 /* UserDefault+Extension.swift */,
			);
			path = Extensions;
			sourceTree = "<group>";
		};
		70CEE70C253EADEF00569C10 /* UIComponent */ = {
			isa = PBXGroup;
			children = (
				701355DC2559444B00AD21CA /* BaseViewComponent */,
				70FB8D192552D1AF000459E4 /* BasicButton.swift */,
				7053595D2567FE7A00765CA6 /* BasicComponentLabel.swift */,
				702CF827254FF4D1006D7B00 /* BasicRatingStarView.swift */,
				7040576F255F01D40022A8DA /* BasicAppIconImageView.swift */,
				7027C202255C4E32006A329B /* HorizonSeperatorView.swift */,
				70E7C11A255D29590009E776 /* VerticalSeperatorView.swift */,
			);
			path = UIComponent;
			sourceTree = "<group>";
		};
		70CEE711253EBF5B00569C10 /* Views */ = {
			isa = PBXGroup;
			children = (
				70013970253AE5D600595C03 /* SearchPageCodeBased */,
				706CA918253AF8F700E22783 /* DetailPageCodeBased */,
			);
			path = Views;
			sourceTree = "<group>";
		};
		70CEE716253EE7D500569C10 /* Protocols */ = {
			isa = PBXGroup;
			children = (
				70CEE70F253EBD0A00569C10 /* ViewProtocol.swift */,
			);
			path = Protocols;
			sourceTree = "<group>";
		};
		70FB8D0C2551CE1F000459E4 /* ViewModel */ = {
			isa = PBXGroup;
			children = (
				70FB8D0D2551CE3E000459E4 /* AppStoreViewModel.swift */,
			);
			path = ViewModel;
			sourceTree = "<group>";
		};
/* End PBXGroup section */

/* Begin PBXNativeTarget section */
		7001394D253AAB0A00595C03 /* myAppStore */ = {
			isa = PBXNativeTarget;
			buildConfigurationList = 70013962253AAB0F00595C03 /* Build configuration list for PBXNativeTarget "myAppStore" */;
			buildPhases = (
				7001394A253AAB0A00595C03 /* Sources */,
				7001394B253AAB0A00595C03 /* Frameworks */,
				7001394C253AAB0A00595C03 /* Resources */,
			);
			buildRules = (
			);
			dependencies = (
			);
			name = myAppStore;
			productName = myAppStore;
			productReference = 7001394E253AAB0A00595C03 /* myAppStore.app */;
			productType = "com.apple.product-type.application";
		};
/* End PBXNativeTarget section */

/* Begin PBXProject section */
		70013946253AAB0A00595C03 /* Project object */ = {
			isa = PBXProject;
			attributes = {
				LastSwiftUpdateCheck = 1170;
				LastUpgradeCheck = 1210;
				ORGANIZATIONNAME = EB;
				TargetAttributes = {
					7001394D253AAB0A00595C03 = {
						CreatedOnToolsVersion = 11.7;
					};
				};
			};
			buildConfigurationList = 70013949253AAB0A00595C03 /* Build configuration list for PBXProject "myAppStore" */;
			compatibilityVersion = "Xcode 9.3";
			developmentRegion = en;
			hasScannedForEncodings = 0;
			knownRegions = (
				en,
				Base,
			);
			mainGroup = 70013945253AAB0A00595C03;
			productRefGroup = 7001394F253AAB0A00595C03 /* Products */;
			projectDirPath = "";
			projectRoot = "";
			targets = (
				7001394D253AAB0A00595C03 /* myAppStore */,
			);
		};
/* End PBXProject section */

/* Begin PBXResourcesBuildPhase section */
		7001394C253AAB0A00595C03 /* Resources */ = {
			isa = PBXResourcesBuildPhase;
			buildActionMask = 2147483647;
			files = (
				7001395E253AAB0F00595C03 /* LaunchScreen.storyboard in Resources */,
				7001395B253AAB0F00595C03 /* Assets.xcassets in Resources */,
				70013959253AAB0A00595C03 /* Main.storyboard in Resources */,
			);
			runOnlyForDeploymentPostprocessing = 0;
		};
/* End PBXResourcesBuildPhase section */

/* Begin PBXSourcesBuildPhase section */
		7001394A253AAB0A00595C03 /* Sources */ = {
			isa = PBXSourcesBuildPhase;
			buildActionMask = 2147483647;
			files = (
				7027C203255C4E32006A329B /* HorizonSeperatorView.swift in Sources */,
				70B4BD8A256D5D6D00BDEA8F /* ShortInformationItems.swift in Sources */,
				706E5C1B2542E05900581BA3 /* Int+Extension.swift in Sources */,
				706CA917253AF8EE00E22783 /* DetailViewController.swift in Sources */,
				70C6406325406B3E00D06B6A /* UILabel+Extension.swift in Sources */,
				70EDC26B2549A7AE00A3A0E9 /* AppDescriptionView.swift in Sources */,
				70FB8CE025516B67000459E4 /* UITableViewCell+Extension.swift in Sources */,
				70DD5C802546F62F00738B8C /* BaseCollectionViewCell.swift in Sources */,
				7029A906256E867C00FB0912 /* UserDefault+Extension.swift in Sources */,
				70CEE6FD253DA98000569C10 /* ScreenShotsCollectionViewCell.swift in Sources */,
				70CEE707253EA64B00569C10 /* String+Extension.swift in Sources */,
				70CEE713253EBF6D00569C10 /* BaseViewController.swift in Sources */,
				7029A909256E8A3A00FB0912 /* UserDefaultManager.swift in Sources */,
				70CEE703253EA3E600569C10 /* UIButton+Extension.swift in Sources */,
				707D3EB22567B2FC00C14269 /* LogManager.swift in Sources */,
				70DD5C822546F97B00738B8C /* BaseTableViewCell.swift in Sources */,
				70EAFA9C254C0EE500C6BAED /* AppRatingReviewView.swift in Sources */,
				707D3EAE2566683200C14269 /* ImageCacheManager.swift in Sources */,
				7027C201255C3C5B006A329B /* NaviTitleView.swift in Sources */,
				706CA91C253B1FED00E22783 /* ShortVarietyInfoView.swift in Sources */,
				7001396B253AB6E800595C03 /* SearchAppIconInfoView.swift in Sources */,
				70CEE710253EBD0A00569C10 /* ViewProtocol.swift in Sources */,
				70013966253AAB6D00595C03 /* SearchViewController.swift in Sources */,
				70FB8D0E2551CE3E000459E4 /* AppStoreViewModel.swift in Sources */,
				70013952253AAB0A00595C03 /* AppDelegate.swift in Sources */,
				70405770255F01D50022A8DA /* BasicAppIconImageView.swift in Sources */,
				70C6406125404DC500D06B6A /* UIImageView+Extension.swift in Sources */,
				70CEE70B253EAA7200569C10 /* UIViewController+Extension.swift in Sources */,
				706CA91A253B13E300E22783 /* AppIconInfoView.swift in Sources */,
				7053595E2567FE7A00765CA6 /* BasicComponentLabel.swift in Sources */,
				70CEE71A253F1FDF00569C10 /* ModuleView.swift in Sources */,
				70E7C11B255D29590009E776 /* VerticalSeperatorView.swift in Sources */,
				70C6405F25403BAD00D06B6A /* Double+Extension.swift in Sources */,
				70B4BD90256D8D7D00BDEA8F /* InformationItems.swift in Sources */,
				70013972253AF0F600595C03 /* AppStoreModel.swift in Sources */,
				70CEE6FB253DA94400569C10 /* ScreenShotsCollectionView.swift in Sources */,
				700BDC512564F9D100EF5B3B /* InfoTitleValueView.swift in Sources */,
				70CEE701253EA23500569C10 /* UIStackView+Extension.swift in Sources */,
				70013954253AAB0A00595C03 /* SceneDelegate.swift in Sources */,
				70E7C0CB255D0D410009E776 /* WhatsNewView.swift in Sources */,
				70DDC24E256E3A6C008EA203 /* RatingStarBarView.swift in Sources */,
				70B4BD95256D929400BDEA8F /* InfoTitleCategoryView.swift in Sources */,
				70E7C0D8255D12B10009E776 /* InformationView.swift in Sources */,
				7049A509255AF26A00C7D604 /* RequestManager.swift in Sources */,
				705BD24225629365008F7050 /* MakeFilteredStringArrayManager.swift in Sources */,
				70013969253AB50A00595C03 /* SearchTableViewCell.swift in Sources */,
				70CEE709253EA7C400569C10 /* UIApplication+Extension.swift in Sources */,
				70FB8D1A2552D1AF000459E4 /* BasicButton.swift in Sources */,
				70CEE715253ECB9700569C10 /* UIView+Extension.swift in Sources */,
				7049A4F625598CB600C7D604 /* UICollectionViewCell+Extension.swift in Sources */,
				70CEE705253EA55300569C10 /* Date+Extension.swift in Sources */,
				702CF828254FF4D1006D7B00 /* BasicRatingStarView.swift in Sources */,
			);
			runOnlyForDeploymentPostprocessing = 0;
		};
/* End PBXSourcesBuildPhase section */

/* Begin PBXVariantGroup section */
		70013957253AAB0A00595C03 /* Main.storyboard */ = {
			isa = PBXVariantGroup;
			children = (
				70013958253AAB0A00595C03 /* Base */,
			);
			name = Main.storyboard;
			sourceTree = "<group>";
		};
		7001395C253AAB0F00595C03 /* LaunchScreen.storyboard */ = {
			isa = PBXVariantGroup;
			children = (
				7001395D253AAB0F00595C03 /* Base */,
			);
			name = LaunchScreen.storyboard;
			sourceTree = "<group>";
		};
/* End PBXVariantGroup section */

/* Begin XCBuildConfiguration section */
		70013960253AAB0F00595C03 /* Debug */ = {
			isa = XCBuildConfiguration;
			buildSettings = {
				ALWAYS_SEARCH_USER_PATHS = NO;
				CLANG_ANALYZER_NONNULL = YES;
				CLANG_ANALYZER_NUMBER_OBJECT_CONVERSION = YES_AGGRESSIVE;
				CLANG_CXX_LANGUAGE_STANDARD = "gnu++14";
				CLANG_CXX_LIBRARY = "libc++";
				CLANG_ENABLE_MODULES = YES;
				CLANG_ENABLE_OBJC_ARC = YES;
				CLANG_ENABLE_OBJC_WEAK = YES;
				CLANG_WARN_BLOCK_CAPTURE_AUTORELEASING = YES;
				CLANG_WARN_BOOL_CONVERSION = YES;
				CLANG_WARN_COMMA = YES;
				CLANG_WARN_CONSTANT_CONVERSION = YES;
				CLANG_WARN_DEPRECATED_OBJC_IMPLEMENTATIONS = YES;
				CLANG_WARN_DIRECT_OBJC_ISA_USAGE = YES_ERROR;
				CLANG_WARN_DOCUMENTATION_COMMENTS = YES;
				CLANG_WARN_EMPTY_BODY = YES;
				CLANG_WARN_ENUM_CONVERSION = YES;
				CLANG_WARN_INFINITE_RECURSION = YES;
				CLANG_WARN_INT_CONVERSION = YES;
				CLANG_WARN_NON_LITERAL_NULL_CONVERSION = YES;
				CLANG_WARN_OBJC_IMPLICIT_RETAIN_SELF = YES;
				CLANG_WARN_OBJC_LITERAL_CONVERSION = YES;
				CLANG_WARN_OBJC_ROOT_CLASS = YES_ERROR;
				CLANG_WARN_QUOTED_INCLUDE_IN_FRAMEWORK_HEADER = YES;
				CLANG_WARN_RANGE_LOOP_ANALYSIS = YES;
				CLANG_WARN_STRICT_PROTOTYPES = YES;
				CLANG_WARN_SUSPICIOUS_MOVE = YES;
				CLANG_WARN_UNGUARDED_AVAILABILITY = YES_AGGRESSIVE;
				CLANG_WARN_UNREACHABLE_CODE = YES;
				CLANG_WARN__DUPLICATE_METHOD_MATCH = YES;
				COPY_PHASE_STRIP = NO;
				DEBUG_INFORMATION_FORMAT = dwarf;
				ENABLE_STRICT_OBJC_MSGSEND = YES;
				ENABLE_TESTABILITY = YES;
				GCC_C_LANGUAGE_STANDARD = gnu11;
				GCC_DYNAMIC_NO_PIC = NO;
				GCC_NO_COMMON_BLOCKS = YES;
				GCC_OPTIMIZATION_LEVEL = 0;
				GCC_PREPROCESSOR_DEFINITIONS = (
					"DEBUG=1",
					"$(inherited)",
				);
				GCC_WARN_64_TO_32_BIT_CONVERSION = YES;
				GCC_WARN_ABOUT_RETURN_TYPE = YES_ERROR;
				GCC_WARN_UNDECLARED_SELECTOR = YES;
				GCC_WARN_UNINITIALIZED_AUTOS = YES_AGGRESSIVE;
				GCC_WARN_UNUSED_FUNCTION = YES;
				GCC_WARN_UNUSED_VARIABLE = YES;
				IPHONEOS_DEPLOYMENT_TARGET = 13.7;
				MTL_ENABLE_DEBUG_INFO = INCLUDE_SOURCE;
				MTL_FAST_MATH = YES;
				ONLY_ACTIVE_ARCH = YES;
				SDKROOT = iphoneos;
				SWIFT_ACTIVE_COMPILATION_CONDITIONS = DEBUG;
				SWIFT_OPTIMIZATION_LEVEL = "-Onone";
			};
			name = Debug;
		};
		70013961253AAB0F00595C03 /* Release */ = {
			isa = XCBuildConfiguration;
			buildSettings = {
				ALWAYS_SEARCH_USER_PATHS = NO;
				CLANG_ANALYZER_NONNULL = YES;
				CLANG_ANALYZER_NUMBER_OBJECT_CONVERSION = YES_AGGRESSIVE;
				CLANG_CXX_LANGUAGE_STANDARD = "gnu++14";
				CLANG_CXX_LIBRARY = "libc++";
				CLANG_ENABLE_MODULES = YES;
				CLANG_ENABLE_OBJC_ARC = YES;
				CLANG_ENABLE_OBJC_WEAK = YES;
				CLANG_WARN_BLOCK_CAPTURE_AUTORELEASING = YES;
				CLANG_WARN_BOOL_CONVERSION = YES;
				CLANG_WARN_COMMA = YES;
				CLANG_WARN_CONSTANT_CONVERSION = YES;
				CLANG_WARN_DEPRECATED_OBJC_IMPLEMENTATIONS = YES;
				CLANG_WARN_DIRECT_OBJC_ISA_USAGE = YES_ERROR;
				CLANG_WARN_DOCUMENTATION_COMMENTS = YES;
				CLANG_WARN_EMPTY_BODY = YES;
				CLANG_WARN_ENUM_CONVERSION = YES;
				CLANG_WARN_INFINITE_RECURSION = YES;
				CLANG_WARN_INT_CONVERSION = YES;
				CLANG_WARN_NON_LITERAL_NULL_CONVERSION = YES;
				CLANG_WARN_OBJC_IMPLICIT_RETAIN_SELF = YES;
				CLANG_WARN_OBJC_LITERAL_CONVERSION = YES;
				CLANG_WARN_OBJC_ROOT_CLASS = YES_ERROR;
				CLANG_WARN_QUOTED_INCLUDE_IN_FRAMEWORK_HEADER = YES;
				CLANG_WARN_RANGE_LOOP_ANALYSIS = YES;
				CLANG_WARN_STRICT_PROTOTYPES = YES;
				CLANG_WARN_SUSPICIOUS_MOVE = YES;
				CLANG_WARN_UNGUARDED_AVAILABILITY = YES_AGGRESSIVE;
				CLANG_WARN_UNREACHABLE_CODE = YES;
				CLANG_WARN__DUPLICATE_METHOD_MATCH = YES;
				COPY_PHASE_STRIP = NO;
				DEBUG_INFORMATION_FORMAT = "dwarf-with-dsym";
				ENABLE_NS_ASSERTIONS = NO;
				ENABLE_STRICT_OBJC_MSGSEND = YES;
				GCC_C_LANGUAGE_STANDARD = gnu11;
				GCC_NO_COMMON_BLOCKS = YES;
				GCC_WARN_64_TO_32_BIT_CONVERSION = YES;
				GCC_WARN_ABOUT_RETURN_TYPE = YES_ERROR;
				GCC_WARN_UNDECLARED_SELECTOR = YES;
				GCC_WARN_UNINITIALIZED_AUTOS = YES_AGGRESSIVE;
				GCC_WARN_UNUSED_FUNCTION = YES;
				GCC_WARN_UNUSED_VARIABLE = YES;
				IPHONEOS_DEPLOYMENT_TARGET = 13.7;
				MTL_ENABLE_DEBUG_INFO = NO;
				MTL_FAST_MATH = YES;
				SDKROOT = iphoneos;
				SWIFT_COMPILATION_MODE = wholemodule;
				SWIFT_OPTIMIZATION_LEVEL = "-O";
				VALIDATE_PRODUCT = YES;
			};
			name = Release;
		};
		70013963253AAB0F00595C03 /* Debug */ = {
			isa = XCBuildConfiguration;
			buildSettings = {
				ASSETCATALOG_COMPILER_APPICON_NAME = AppIcon;
				CODE_SIGN_STYLE = Automatic;
				DEVELOPMENT_TEAM = HQYX2HUSK6;
				INFOPLIST_FILE = myAppStore/Info.plist;
				IPHONEOS_DEPLOYMENT_TARGET = 13.7;
				LD_RUNPATH_SEARCH_PATHS = (
					"$(inherited)",
					"@executable_path/Frameworks",
				);
				PRODUCT_BUNDLE_IDENTIFIER = com.EB.myAppStore;
				PRODUCT_NAME = "$(TARGET_NAME)";
				SWIFT_OPTIMIZATION_LEVEL = "-Onone";
				SWIFT_VERSION = 5.0;
				TARGETED_DEVICE_FAMILY = 1;
			};
			name = Debug;
		};
		70013964253AAB0F00595C03 /* Release */ = {
			isa = XCBuildConfiguration;
			buildSettings = {
				ASSETCATALOG_COMPILER_APPICON_NAME = AppIcon;
				CODE_SIGN_STYLE = Automatic;
				DEVELOPMENT_TEAM = HQYX2HUSK6;
				INFOPLIST_FILE = myAppStore/Info.plist;
				IPHONEOS_DEPLOYMENT_TARGET = 13.7;
				LD_RUNPATH_SEARCH_PATHS = (
					"$(inherited)",
					"@executable_path/Frameworks",
				);
				PRODUCT_BUNDLE_IDENTIFIER = com.EB.myAppStore;
				PRODUCT_NAME = "$(TARGET_NAME)";
				SWIFT_OPTIMIZATION_LEVEL = "-O";
				SWIFT_VERSION = 5.0;
				TARGETED_DEVICE_FAMILY = 1;
			};
			name = Release;
		};
/* End XCBuildConfiguration section */

/* Begin XCConfigurationList section */
		70013949253AAB0A00595C03 /* Build configuration list for PBXProject "myAppStore" */ = {
			isa = XCConfigurationList;
			buildConfigurations = (
				70013960253AAB0F00595C03 /* Debug */,
				70013961253AAB0F00595C03 /* Release */,
			);
			defaultConfigurationIsVisible = 0;
			defaultConfigurationName = Release;
		};
		70013962253AAB0F00595C03 /* Build configuration list for PBXNativeTarget "myAppStore" */ = {
			isa = XCConfigurationList;
			buildConfigurations = (
				70013963253AAB0F00595C03 /* Debug */,
				70013964253AAB0F00595C03 /* Release */,
			);
			defaultConfigurationIsVisible = 0;
			defaultConfigurationName = Release;
		};
/* End XCConfigurationList section */
	};
	rootObject = 70013946253AAB0A00595C03 /* Project object */;
}
